
Microsoft Visual Studio Solution File, Format Version 12.00
# Visual Studio Version 16
VisualStudioVersion = 16.0.29215.179
MinimumVisualStudioVersion = 10.0.40219.1
Project("{FAE04EC0-301F-11D3-BF4B-00C04F79EFBC}") = "Classes To Forms", "Classes To Forms\Classes To Forms.csproj", "{76370A32-489F-4CAD-BEA1-E4FEBC9F433C}"
EndProject
Global
	GlobalSection(SolutionConfigurationPlatforms) = preSolution
		Debug|Any CPU = Debug|Any CPU
		Release|Any CPU = Release|Any CPU
	EndGlobalSection
	GlobalSection(ProjectConfigurationPlatforms) = postSolution
		{76370A32-489F-4CAD-BEA1-E4FEBC9F433C}.Debug|Any CPU.ActiveCfg = Debug|Any CPU
		{76370A32-489F-4CAD-BEA1-E4FEBC9F433C}.Debug|Any CPU.Build.0 = Debug|Any CPU
		{76370A32-489F-4CAD-BEA1-E4FEBC9F433C}.Release|Any CPU.ActiveCfg = Release|Any CPU
		{76370A32-489F-4CAD-BEA1-E4FEBC9F433C}.Release|Any CPU.Build.0 = Release|Any CPU
	EndGlobalSection
	GlobalSection(SolutionProperties) = preSolution
		HideSolutionNode = FALSE
	EndGlobalSection
	GlobalSection(ExtensibilityGlobals) = postSolution
		SolutionGuid = {DC9BD1E8-9313-40D1-B392-DBC70DD5920E}
	EndGlobalSection
EndGlobal
